{
    "_readme": [
        "This file locks the dependencies of your project to a known state",
        "Read more about it at https://getcomposer.org/doc/01-basic-usage.md#composer-lock-the-lock-file",
        "This file is @generated automatically"
    ],
    "content-hash": "00adbe33459ea89feca9f1b763841292",
    "packages": [
        {
            "name": "jimmiw/php-time-ago",
            "version": "2.0.3",
            "source": {
                "type": "git",
                "url": "https://github.com/jimmiw/php-time-ago.git",
                "reference": "4173d20574a54d075ecb3fdca08cae0f1d2bd3db"
            },
            "dist": {
                "type": "zip",
                "url": "https://api.github.com/repos/jimmiw/php-time-ago/zipball/4173d20574a54d075ecb3fdca08cae0f1d2bd3db",
                "reference": "4173d20574a54d075ecb3fdca08cae0f1d2bd3db",
                "shasum": ""
            },
            "require": {
                "php": ">=5.6"
            },
            "require-dev": {
                "phpunit/dbunit": "2.0.*",
                "phpunit/phpunit": "5.*@stable"
            },
            "type": "library",
            "autoload": {
                "psr-0": {
                    "Westsworld": "src/"
                }
            },
            "notification-url": "https://packagist.org/downloads/",
            "license": [
                "MIT"
            ],
            "authors": [
                {
                    "name": "Jimmi Westerberg",
                    "homepage": "http://www.westsworld.dk",
                    "role": "Developer"
                }
            ],
            "description": "Simple module, that displays the date in a \"time ago\" format",
            "homepage": "https://github.com/jimmiw/php-time-ago",
            "keywords": [
                "distance of time",
                "time ago",
                "time ago in words"
            ],
            "time": "2018-01-16T20:50:11+00:00"
        },
        {
            "name": "madcoda/php-youtube-api",
            "version": "v1.2.4",
            "source": {
                "type": "git",
                "url": "https://github.com/madcoda/php-youtube-api.git",
                "reference": "886e3aa1789cd19ad0c7add239bd2967f3b5ad4d"
            },
            "dist": {
                "type": "zip",
                "url": "https://api.github.com/repos/madcoda/php-youtube-api/zipball/886e3aa1789cd19ad0c7add239bd2967f3b5ad4d",
                "reference": "886e3aa1789cd19ad0c7add239bd2967f3b5ad4d",
                "shasum": ""
            },
            "require": {
                "ext-curl": "*",
                "php": ">=5.3"
            },
            "require-dev": {
                "phpunit/phpunit": "^4.5 || ^5.0.5"
            },
            "type": "library",
            "autoload": {
                "psr-4": {
                    "Madcoda\\Youtube\\": "src"
                },
                "classmap": [
                    "src/compat.php"
                ]
            },
            "notification-url": "https://packagist.org/downloads/",
            "license": [
                "MIT"
            ],
            "authors": [
                {
                    "name": "Madcoda",
                    "email": "jason@madcoda.com"
                }
            ],
            "description": "PHP wrapper for the Youtube Data API v3",
            "keywords": [
                "api",
                "madcoda",
                "video",
                "youtube"
            ],
            "time": "2017-04-13T09:47:50+00:00"
        },
        {
            "name": "mpdf/mpdf",
            "version": "v6.1.4",
            "source": {
                "type": "git",
                "url": "https://github.com/mpdf/mpdf.git",
                "reference": "e7310ce53b5c11db1f0b781fe0a69066608ac6e2"
            },
            "dist": {
                "type": "zip",
                "url": "https://api.github.com/repos/mpdf/mpdf/zipball/e7310ce53b5c11db1f0b781fe0a69066608ac6e2",
                "reference": "e7310ce53b5c11db1f0b781fe0a69066608ac6e2",
                "shasum": ""
            },
            "require": {
                "ext-mbstring": "*",
                "php": "^5.4.0 || 7.0.*",
                "setasign/fpdi": "1.6.*"
            },
            "require-dev": {
                "phpunit/phpunit": "^4.7"
            },
            "suggest": {
                "ext-zlib": "Needed for compression of embedded resources, such as fonts"
            },
            "type": "library",
            "autoload": {
                "classmap": [
                    "mpdf.php",
                    "classes"
                ]
            },
            "notification-url": "https://packagist.org/downloads/",
            "license": [
                "GPL-2.0"
            ],
            "authors": [
                {
                    "name": "Ian Back",
                    "role": "Developer"
                }
            ],
            "description": "A PHP class to generate PDF files from HTML with Unicode/UTF-8 and CJK support",
            "homepage": "http://mpdf.github.io",
            "keywords": [
                "pdf",
                "php",
                "utf-8"
            ],
            "time": "2017-07-09T16:46:12+00:00"
        },
        {
            "name": "setasign/fpdi",
            "version": "1.6.2",
            "source": {
                "type": "git",
                "url": "https://github.com/Setasign/FPDI.git",
                "reference": "a6ad58897a6d97cc2d2cd2adaeda343b25a368ea"
            },
            "dist": {
                "type": "zip",
                "url": "https://api.github.com/repos/Setasign/FPDI/zipball/a6ad58897a6d97cc2d2cd2adaeda343b25a368ea",
                "reference": "a6ad58897a6d97cc2d2cd2adaeda343b25a368ea",
                "shasum": ""
            },
            "suggest": {
                "setasign/fpdf": "FPDI will extend this class but as it is also possible to use \"tecnickcom/tcpdf\" as an alternative there's no fixed dependency configured.",
                "setasign/fpdi-fpdf": "Use this package to automatically evaluate dependencies to FPDF.",
                "setasign/fpdi-tcpdf": "Use this package to automatically evaluate dependencies to TCPDF."
            },
            "type": "library",
            "autoload": {
                "classmap": [
                    "filters/",
                    "fpdi.php",
                    "fpdf_tpl.php",
                    "fpdi_pdf_parser.php",
                    "pdf_context.php"
                ]
            },
            "notification-url": "https://packagist.org/downloads/",
            "license": [
                "MIT"
            ],
            "authors": [
                {
                    "name": "Jan Slabon",
                    "email": "jan.slabon@setasign.com",
                    "homepage": "https://www.setasign.com"
                }
            ],
            "description": "FPDI is a collection of PHP classes facilitating developers to read pages from existing PDF documents and use them as templates in FPDF. Because it is also possible to use FPDI with TCPDF, there are no fixed dependencies defined. Please see suggestions for packages which evaluates the dependencies automatically.",
            "homepage": "https://www.setasign.com/fpdi",
            "keywords": [
                "fpdf",
                "fpdi",
                "pdf"
            ],
            "time": "2017-05-11T14:25:49+00:00"
        }
    ],
    "packages-dev": [],
    "aliases": [],
    "minimum-stability": "dev",
    "stability-flags": [],
    "prefer-stable": true,
    "prefer-lowest": false,
    "platform": {
        "php": ">=5.4.0"
    },
    "platform-dev": []
}
